
Microsoft Visual Studio Solution File, Format Version 12.00
# Visual Studio Version 16
VisualStudioVersion = 16.0.31702.278
MinimumVisualStudioVersion = 10.0.40219.1
Project("{8BC9CEB8-8B4A-11D0-8D11-00A0C91BC942}") = "OpenSSLExample", "OpenSSLExample\OpenSSLExample.vcxproj", "{B47FA58A-FC8C-449B-BFB9-6A8A40B90498}"
EndProject
Global
	GlobalSection(SolutionConfigurationPlatforms) = preSolution
		Debug|x64 = Debug|x64
		Debug|x86 = Debug|x86
		Release|x64 = Release|x64
		Release|x86 = Release|x86
	EndGlobalSection
	GlobalSection(ProjectConfigurationPlatforms) = postSolution
		{B47FA58A-FC8C-449B-BFB9-6A8A40B90498}.Debug|x64.ActiveCfg = Debug|x64
		{B47FA58A-FC8C-449B-BFB9-6A8A40B90498}.Debug|x64.Build.0 = Debug|x64
		{B47FA58A-FC8C-449B-BFB9-6A8A40B90498}.Debug|x86.ActiveCfg = Debug|Win32
		{B47FA58A-FC8C-449B-BFB9-6A8A40B90498}.Debug|x86.Build.0 = Debug|Win32
		{B47FA58A-FC8C-449B-BFB9-6A8A40B90498}.Release|x64.ActiveCfg = Release|x64
		{B47FA58A-FC8C-449B-BFB9-6A8A40B90498}.Release|x64.Build.0 = Release|x64
		{B47FA58A-FC8C-449B-BFB9-6A8A40B90498}.Release|x86.ActiveCfg = Release|Win32
		{B47FA58A-FC8C-449B-BFB9-6A8A40B90498}.Release|x86.Build.0 = Release|Win32
	EndGlobalSection
	GlobalSection(SolutionProperties) = preSolution
		HideSolutionNode = FALSE
	EndGlobalSection
	GlobalSection(ExtensibilityGlobals) = postSolution
		SolutionGuid = {D3BF5AF4-9C8F-4B6D-82D6-F8F0B88143FD}
	EndGlobalSection
EndGlobal
